
Microsoft Visual Studio Solution File, Format Version 12.00
# Visual Studio Version 17
VisualStudioVersion = 17.4.33110.190
MinimumVisualStudioVersion = 10.0.40219.1
Project("{9A19103F-16F7-4668-BE54-9A1E7A4F7556}") = "PSCopilot", "PSCopilot\PSCopilot.csproj", "{5F813CCE-7A4C-4F77-8CA7-795A04812FCF}"
EndProject
Project("{9A19103F-16F7-4668-BE54-9A1E7A4F7556}") = "CopilotDev.NET.Api", "CopilotDev.NET\CopilotDev.NET.Api\CopilotDev.NET.Api.csproj", "{6D60B467-FB5E-4637-9A95-E6EC30953549}"
EndProject
Global
	GlobalSection(SolutionConfigurationPlatforms) = preSolution
		Debug|Any CPU = Debug|Any CPU
		Release|Any CPU = Release|Any CPU
	EndGlobalSection
	GlobalSection(ProjectConfigurationPlatforms) = postSolution
		{5F813CCE-7A4C-4F77-8CA7-795A04812FCF}.Debug|Any CPU.ActiveCfg = Debug|Any CPU
		{5F813CCE-7A4C-4F77-8CA7-795A04812FCF}.Debug|Any CPU.Build.0 = Debug|Any CPU
		{5F813CCE-7A4C-4F77-8CA7-795A04812FCF}.Release|Any CPU.ActiveCfg = Release|Any CPU
		{5F813CCE-7A4C-4F77-8CA7-795A04812FCF}.Release|Any CPU.Build.0 = Release|Any CPU
		{6D60B467-FB5E-4637-9A95-E6EC30953549}.Debug|Any CPU.ActiveCfg = Debug|Any CPU
		{6D60B467-FB5E-4637-9A95-E6EC30953549}.Debug|Any CPU.Build.0 = Debug|Any CPU
		{6D60B467-FB5E-4637-9A95-E6EC30953549}.Release|Any CPU.ActiveCfg = Release|Any CPU
		{6D60B467-FB5E-4637-9A95-E6EC30953549}.Release|Any CPU.Build.0 = Release|Any CPU
	EndGlobalSection
	GlobalSection(SolutionProperties) = preSolution
		HideSolutionNode = FALSE
	EndGlobalSection
	GlobalSection(ExtensibilityGlobals) = postSolution
		SolutionGuid = {22B19AB3-E2B3-4A9B-BFB7-B6150219B05E}
	EndGlobalSection
EndGlobal
